split:
  cmd: python3 main.py split
  deps:
  - path: data/CrossValidated-Questions-Nov-2020.csv
    md5: 1465d5fe76bf646bca8ee53c8686b745
    size: 75856988
  - path: main.py
    md5: de163b0e187e2be0c1039db0c3bc1060
    size: 6753
  params:
    params.yaml:
      paths.dataset: data/CrossValidated-Questions-Nov-2020.csv
      paths.test_df: outputs/test.csv.gz
      paths.train_df: outputs/train.csv.gz
      split.seed: 45
  outs:
  - path: outputs/test.csv.gz
    md5: f589d823662ffbcc1875490583a340f8
    size: 6172469
  - path: outputs/train.csv.gz
    md5: 9b3cd3e420d10861cdd26e235a4511cb
    size: 18658470
featurize:
  cmd: python3 main.py featurize
  deps:
  - path: main.py
    md5: de163b0e187e2be0c1039db0c3bc1060
    size: 6753
  - path: outputs/test.csv.gz
    md5: f589d823662ffbcc1875490583a340f8
    size: 6172469
  - path: outputs/train.csv.gz
    md5: 9b3cd3e420d10861cdd26e235a4511cb
    size: 18658470
  params:
    params.yaml:
      paths.test_df: outputs/test.csv.gz
      paths.test_df_featurized: outputs/test-featurized.csv.gz
      paths.train_df: outputs/train.csv.gz
      paths.train_df_featurized: outputs/train-featurized.csv.gz
  outs:
  - path: outputs/test-featurized.csv.gz
    md5: 734f0efbc87c696ae83dcf0513a319ad
    size: 6751774
  - path: outputs/train-featurized.csv.gz
    md5: 8f8dec7b6f6bd5648b563e23cd41cbc1
    size: 20403945
tfidf:
  cmd: python3 main.py tfidf
  deps:
  - path: main.py
    md5: de163b0e187e2be0c1039db0c3bc1060
    size: 6753
  - path: outputs/test-featurized.csv.gz
    md5: 734f0efbc87c696ae83dcf0513a319ad
    size: 6751774
  - path: outputs/train-featurized.csv.gz
    md5: 8f8dec7b6f6bd5648b563e23cd41cbc1
    size: 20403945
  params:
    params.yaml:
      paths.test_df_featurized: outputs/test-featurized.csv.gz
      paths.test_tfidf: outputs/test-tfidf.npz
      paths.tfidf: outputs/tfidf.pkl
      paths.train_df_featurized: outputs/train-featurized.csv.gz
      paths.train_tfidf: outputs/train-tfidf.npz
      tfidf.max_features: 25000
  outs:
  - path: outputs/test-tfidf.npz
    md5: 9d61405598ba97c2539dd7c2673cf481
    size: 10357972
  - path: outputs/tfidf.pkl
    md5: 3fd078173c15e600680546dd5b8e384d
    size: 2995012
  - path: outputs/train-tfidf.npz
    md5: e89bc0d9d4bc8a953507d0b564564a89
    size: 31259750
train:
  cmd: python3 main.py train
  deps:
  - path: main.py
    md5: de163b0e187e2be0c1039db0c3bc1060
    size: 6753
  - path: outputs/train-featurized.csv.gz
    md5: 8f8dec7b6f6bd5648b563e23cd41cbc1
    size: 20403945
  - path: outputs/train-tfidf.npz
    md5: e89bc0d9d4bc8a953507d0b564564a89
    size: 31259750
  params:
    params.yaml:
      paths.model: outputs/model.pkl
      paths.train_df_featurized: outputs/train-featurized.csv.gz
      paths.train_metrics: metrics-train.yaml
      paths.train_tfidf: outputs/train-tfidf.npz
      train.loss: modified_huber
      train.seed: 42
  outs:
  - path: metrics-train.yaml
    md5: a621d3247db9ad2af95ace2343af37f3
    size: 174
  - path: outputs/model.pkl
    md5: 7a6a76a3b384e26435b29031eeabdd26
    size: 200962
test:
  cmd: python3 main.py test
  deps:
  - path: main.py
    md5: de163b0e187e2be0c1039db0c3bc1060
    size: 6753
  - path: outputs/model.pkl
    md5: 7a6a76a3b384e26435b29031eeabdd26
    size: 200962
  - path: outputs/test-featurized.csv.gz
    md5: 734f0efbc87c696ae83dcf0513a319ad
    size: 6751774
  - path: outputs/test-tfidf.npz
    md5: 9d61405598ba97c2539dd7c2673cf481
    size: 10357972
  params:
    params.yaml:
      paths.model: outputs/model.pkl
      paths.test_df_featurized: outputs/test-featurized.csv.gz
      paths.test_metrics: metrics-test.yaml
      paths.test_tfidf: outputs/test-tfidf.npz
  outs:
  - path: metrics-test.yaml
    md5: 4d04ae9b997b04546467e1a7133851a1
    size: 164
