schema: '2.0'
stages:
  train:
    cmd: python3 train.py
    deps:
    - path: train.py
      md5: 4e9b90df36b5b8cae2240d9707d58ae1
      size: 1831
    outs:
    - path: metrics
      md5: 83f44b1f49e1ade9ca80767aee529827.dir
      size: 826
      nfiles: 4
    - path: metrics.yaml
      md5: ad6ee1c8226d6372c73b3da1c447c951
      size: 57
    - path: model.h5
      md5: f6ba1b12770b1fdd5ed8ccc441d1ce23
      size: 157176
