schema: '2.0'
stages:
  train:
    cmd: python3 train.py
    deps:
    - path: train.py
      md5: e2ec82ccb44948600ad46df2f7f34a09
      size: 2235
    outs:
    - path: metrics.tsv
      md5: 7d56c60571c7d9ca0da20d96db99e5b2
      size: 425
    - path: metrics.yaml
      md5: 6fb043638f3e9380893aca0c4c8d5d85
      size: 57
    - path: model.h5
      md5: ec92d927a7589382a4caec85a2ebaabf
      size: 157176
